{
  "name": "babel-intro",
  "version": "1.0.0",
  "lockfileVersion": 1,
  "requires": true,
  "dependencies": {
    "browserslist": {
      "version": "3.2.8",
      "resolved": "https://artifactory.xero-support.com/artifactory/api/npm/npm/browserslist/-/browserslist-3.2.8.tgz",
      "integrity": "sha1-sABTYdZHHw9ZUnl6dvyYXx+Xj8Y=",
      "dev": true,
      "requires": {
        "caniuse-lite": "^1.0.30000844",
        "electron-to-chromium": "^1.3.47"
      }
    },
    "caniuse-lite": {
      "version": "1.0.30001257",
      "resolved": "https://artifactory.xero-support.com/artifactory/api/npm/npm/caniuse-lite/-/caniuse-lite-1.0.30001257.tgz",
      "integrity": "sha1-FQqvZJpIvuUxEEz+2lf5LOWH9uU=",
      "dev": true
    },
    "electron-to-chromium": {
      "version": "1.3.836",
      "resolved": "https://artifactory.xero-support.com/artifactory/api/npm/npm/electron-to-chromium/-/electron-to-chromium-1.3.836.tgz",
      "integrity": "sha1-gjy5yY8oxkxnOSDxyQ6jgmWW6vk=",
      "dev": true
    },
    "lru-cache": {
      "version": "6.0.0",
      "resolved": "https://artifactory.xero-support.com/artifactory/api/npm/npm/lru-cache/-/lru-cache-6.0.0.tgz",
      "integrity": "sha1-bW/mVw69lqr5D8rR2vo7JWbbOpQ=",
      "requires": {
        "yallist": "^4.0.0"
      }
    },
    "moment": {
      "version": "2.29.1",
      "resolved": "https://artifactory.xero-support.com/artifactory/api/npm/npm/moment/-/moment-2.29.1.tgz",
      "integrity": "sha1-sr52n6MZQL6e7qZGnAdeNQBvo9M="
    },
    "semver": {
      "version": "7.3.5",
      "resolved": "https://artifactory.xero-support.com/artifactory/api/npm/npm/semver/-/semver-7.3.5.tgz",
      "integrity": "sha1-C2Ich5NI2JmOSw5L6Us/EuYBjvc=",
      "requires": {
        "lru-cache": "^6.0.0"
      }
    },
    "yallist": {
      "version": "4.0.0",
      "resolved": "https://artifactory.xero-support.com/artifactory/api/npm/npm/yallist/-/yallist-4.0.0.tgz",
      "integrity": "sha1-m7knkNnA7/7GO+c1GeEaNQGaOnI="
    }
  }
}
